
Microsoft Visual Studio Solution File, Format Version 12.00
# Visual Studio Version 16
VisualStudioVersion = 16.0.31321.278
MinimumVisualStudioVersion = 10.0.40219.1
Project("{FAE04EC0-301F-11D3-BF4B-00C04F79EFBC}") = "CreateThermistorLookupBeta", "CreateThermistorLookupBeta\CreateThermistorLookupBeta.csproj", "{854DFACE-7D62-4543-81A4-E02986D5E282}"
EndProject
Project("{9A19103F-16F7-4668-BE54-9A1E7A4F7556}") = "LCD12864Emulator", "LCD12864Emulator\LCD12864Emulator.csproj", "{44A2B89E-4B84-40D4-9B16-9628367BB295}"
EndProject
Project("{9A19103F-16F7-4668-BE54-9A1E7A4F7556}") = "SpeedChart", "SpeedChart\SpeedChart.csproj", "{FF575F6A-27ED-4ADC-912A-823191111F3A}"
EndProject
Global
	GlobalSection(SolutionConfigurationPlatforms) = preSolution
		Debug|Any CPU = Debug|Any CPU
		Release|Any CPU = Release|Any CPU
	EndGlobalSection
	GlobalSection(ProjectConfigurationPlatforms) = postSolution
		{854DFACE-7D62-4543-81A4-E02986D5E282}.Debug|Any CPU.ActiveCfg = Debug|Any CPU
		{854DFACE-7D62-4543-81A4-E02986D5E282}.Debug|Any CPU.Build.0 = Debug|Any CPU
		{854DFACE-7D62-4543-81A4-E02986D5E282}.Release|Any CPU.ActiveCfg = Release|Any CPU
		{854DFACE-7D62-4543-81A4-E02986D5E282}.Release|Any CPU.Build.0 = Release|Any CPU
		{44A2B89E-4B84-40D4-9B16-9628367BB295}.Debug|Any CPU.ActiveCfg = Debug|Any CPU
		{44A2B89E-4B84-40D4-9B16-9628367BB295}.Debug|Any CPU.Build.0 = Debug|Any CPU
		{44A2B89E-4B84-40D4-9B16-9628367BB295}.Release|Any CPU.ActiveCfg = Release|Any CPU
		{44A2B89E-4B84-40D4-9B16-9628367BB295}.Release|Any CPU.Build.0 = Release|Any CPU
		{FF575F6A-27ED-4ADC-912A-823191111F3A}.Debug|Any CPU.ActiveCfg = Debug|Any CPU
		{FF575F6A-27ED-4ADC-912A-823191111F3A}.Debug|Any CPU.Build.0 = Debug|Any CPU
		{FF575F6A-27ED-4ADC-912A-823191111F3A}.Release|Any CPU.ActiveCfg = Release|Any CPU
		{FF575F6A-27ED-4ADC-912A-823191111F3A}.Release|Any CPU.Build.0 = Release|Any CPU
	EndGlobalSection
	GlobalSection(SolutionProperties) = preSolution
		HideSolutionNode = FALSE
	EndGlobalSection
	GlobalSection(ExtensibilityGlobals) = postSolution
		SolutionGuid = {248CC9BD-C6D1-43A7-A97F-9208396F196B}
	EndGlobalSection
EndGlobal
