
Microsoft Visual Studio Solution File, Format Version 12.00
# Visual Studio 15
VisualStudioVersion = 15.0.27130.2010
MinimumVisualStudioVersion = 10.0.40219.1
Project("{FAE04EC0-301F-11D3-BF4B-00C04F79EFBC}") = "LCD12864Emulator", "LCD12864Emulator\LCD12864Emulator.csproj", "{B25626A7-ECBC-4BE3-B7BE-AD916E10EE0A}"
EndProject
Global
	GlobalSection(SolutionConfigurationPlatforms) = preSolution
		Debug|Any CPU = Debug|Any CPU
		Release|Any CPU = Release|Any CPU
	EndGlobalSection
	GlobalSection(ProjectConfigurationPlatforms) = postSolution
		{B25626A7-ECBC-4BE3-B7BE-AD916E10EE0A}.Debug|Any CPU.ActiveCfg = Debug|Any CPU
		{B25626A7-ECBC-4BE3-B7BE-AD916E10EE0A}.Debug|Any CPU.Build.0 = Debug|Any CPU
		{B25626A7-ECBC-4BE3-B7BE-AD916E10EE0A}.Release|Any CPU.ActiveCfg = Release|Any CPU
		{B25626A7-ECBC-4BE3-B7BE-AD916E10EE0A}.Release|Any CPU.Build.0 = Release|Any CPU
	EndGlobalSection
	GlobalSection(SolutionProperties) = preSolution
		HideSolutionNode = FALSE
	EndGlobalSection
	GlobalSection(ExtensibilityGlobals) = postSolution
		SolutionGuid = {05DEC174-3AEF-4FEF-89B6-EDB68EEB6859}
	EndGlobalSection
EndGlobal
